
Microsoft Visual Studio Solution File, Format Version 12.00
# Visual Studio Version 16
VisualStudioVersion = 16.0.29613.14
MinimumVisualStudioVersion = 10.0.40219.1
Project("{FAE04EC0-301F-11D3-BF4B-00C04F79EFBC}") = "LightInject-Fallback", "LightInject-Fallback\LightInject-Fallback.csproj", "{9DAC27A4-1E7C-4F1A-A76C-EDFEFB321FE7}"
EndProject
Project("{9A19103F-16F7-4668-BE54-9A1E7A4F7556}") = "DragonSpark", "DragonSpark\DragonSpark.csproj", "{0F0B8AE4-7D2F-42A1-A782-A1E363216E36}"
EndProject
Project("{9A19103F-16F7-4668-BE54-9A1E7A4F7556}") = "DragonSpark.Composition", "DragonSpark.Composition\DragonSpark.Composition.csproj", "{8C873E45-A237-4DD5-8D7B-DE4EB49A808A}"
EndProject
Global
	GlobalSection(SolutionConfigurationPlatforms) = preSolution
		Debug|Any CPU = Debug|Any CPU
		Release|Any CPU = Release|Any CPU
	EndGlobalSection
	GlobalSection(ProjectConfigurationPlatforms) = postSolution
		{9DAC27A4-1E7C-4F1A-A76C-EDFEFB321FE7}.Debug|Any CPU.ActiveCfg = Debug|Any CPU
		{9DAC27A4-1E7C-4F1A-A76C-EDFEFB321FE7}.Debug|Any CPU.Build.0 = Debug|Any CPU
		{9DAC27A4-1E7C-4F1A-A76C-EDFEFB321FE7}.Release|Any CPU.ActiveCfg = Release|Any CPU
		{9DAC27A4-1E7C-4F1A-A76C-EDFEFB321FE7}.Release|Any CPU.Build.0 = Release|Any CPU
		{0F0B8AE4-7D2F-42A1-A782-A1E363216E36}.Debug|Any CPU.ActiveCfg = Debug|Any CPU
		{0F0B8AE4-7D2F-42A1-A782-A1E363216E36}.Debug|Any CPU.Build.0 = Debug|Any CPU
		{0F0B8AE4-7D2F-42A1-A782-A1E363216E36}.Release|Any CPU.ActiveCfg = Release|Any CPU
		{0F0B8AE4-7D2F-42A1-A782-A1E363216E36}.Release|Any CPU.Build.0 = Release|Any CPU
		{8C873E45-A237-4DD5-8D7B-DE4EB49A808A}.Debug|Any CPU.ActiveCfg = Debug|Any CPU
		{8C873E45-A237-4DD5-8D7B-DE4EB49A808A}.Debug|Any CPU.Build.0 = Debug|Any CPU
		{8C873E45-A237-4DD5-8D7B-DE4EB49A808A}.Release|Any CPU.ActiveCfg = Release|Any CPU
		{8C873E45-A237-4DD5-8D7B-DE4EB49A808A}.Release|Any CPU.Build.0 = Release|Any CPU
	EndGlobalSection
	GlobalSection(SolutionProperties) = preSolution
		HideSolutionNode = FALSE
	EndGlobalSection
	GlobalSection(ExtensibilityGlobals) = postSolution
		SolutionGuid = {515684B1-A2E7-4D95-B820-79FE391C15BC}
	EndGlobalSection
EndGlobal
